// !$*UTF8*$!
{
	archiveVersion = 1;
	classes = {
	};
	objectVersion = 46;
	objects = {

/* Begin PBXBuildFile section */
		0C0983491C2053CF00EF93CF /* main.swift in Sources */ = {isa = PBXBuildFile; fileRef = 0C0983481C2053CF00EF93CF /* main.swift */; };
		0C3637821C3BD529005AA680 /* NSImage+extension.swift in Sources */ = {isa = PBXBuildFile; fileRef = 0C3637811C3BD529005AA680 /* NSImage+extension.swift */; };
		0C4A5C1C1C4523F200DD7722 /* Bumper.swift in Sources */ = {isa = PBXBuildFile; fileRef = 0C4A5C1B1C4523F200DD7722 /* Bumper.swift */; };
		0C4A5C1E1C45328500DD7722 /* Parametres.swift in Sources */ = {isa = PBXBuildFile; fileRef = 0C4A5C1D1C45328500DD7722 /* Parametres.swift */; };
/* End PBXBuildFile section */

/* Begin PBXCopyFilesBuildPhase section */
		0C0983431C2053CF00EF93CF /* CopyFiles */ = {
			isa = PBXCopyFilesBuildPhase;
			buildActionMask = 2147483647;
			dstPath = /usr/share/man/man1/;
			dstSubfolderSpec = 0;
			files = (
			);
			runOnlyForDeploymentPostprocessing = 1;
		};
/* End PBXCopyFilesBuildPhase section */

/* Begin PBXFileReference section */
		0C0983451C2053CF00EF93CF /* bumper */ = {isa = PBXFileReference; explicitFileType = "compiled.mach-o.executable"; includeInIndex = 0; path = bumper; sourceTree = BUILT_PRODUCTS_DIR; };
		0C0983481C2053CF00EF93CF /* main.swift */ = {isa = PBXFileReference; lastKnownFileType = sourcecode.swift; path = main.swift; sourceTree = "<group>"; };
		0C3637811C3BD529005AA680 /* NSImage+extension.swift */ = {isa = PBXFileReference; fileEncoding = 4; lastKnownFileType = sourcecode.swift; path = "NSImage+extension.swift"; sourceTree = "<group>"; };
		0C4A5C1B1C4523F200DD7722 /* Bumper.swift */ = {isa = PBXFileReference; fileEncoding = 4; lastKnownFileType = sourcecode.swift; path = Bumper.swift; sourceTree = "<group>"; };
		0C4A5C1D1C45328500DD7722 /* Parametres.swift */ = {isa = PBXFileReference; fileEncoding = 4; lastKnownFileType = sourcecode.swift; path = Parametres.swift; sourceTree = "<group>"; };
		0C55F3D51C50EDA30088FE2E /* bumper-config.xcconfig */ = {isa = PBXFileReference; lastKnownFileType = text.xcconfig; path = "bumper-config.xcconfig"; sourceTree = "<group>"; };
/* End PBXFileReference section */

/* Begin PBXFrameworksBuildPhase section */
		0C0983421C2053CF00EF93CF /* Frameworks */ = {
			isa = PBXFrameworksBuildPhase;
			buildActionMask = 2147483647;
			files = (
			);
			runOnlyForDeploymentPostprocessing = 0;
		};
/* End PBXFrameworksBuildPhase section */

/* Begin PBXGroup section */
		0C09833C1C2053CF00EF93CF = {
			isa = PBXGroup;
			children = (
				0C0983471C2053CF00EF93CF /* bumper */,
				0C0983461C2053CF00EF93CF /* Products */,
			);
			sourceTree = "<group>";
		};
		0C0983461C2053CF00EF93CF /* Products */ = {
			isa = PBXGroup;
			children = (
				0C0983451C2053CF00EF93CF /* bumper */,
			);
			name = Products;
			sourceTree = "<group>";
		};
		0C0983471C2053CF00EF93CF /* bumper */ = {
			isa = PBXGroup;
			children = (
				0C0983481C2053CF00EF93CF /* main.swift */,
				0C4A5C1B1C4523F200DD7722 /* Bumper.swift */,
				0C4A5C1D1C45328500DD7722 /* Parametres.swift */,
				0C3637811C3BD529005AA680 /* NSImage+extension.swift */,
				0C55F3D51C50EDA30088FE2E /* bumper-config.xcconfig */,
			);
			path = bumper;
			sourceTree = "<group>";
		};
/* End PBXGroup section */

/* Begin PBXNativeTarget section */
		0C0983441C2053CF00EF93CF /* bumper */ = {
			isa = PBXNativeTarget;
			buildConfigurationList = 0C09834C1C2053CF00EF93CF /* Build configuration list for PBXNativeTarget "bumper" */;
			buildPhases = (
				0C0983411C2053CF00EF93CF /* Sources */,
				0C0983421C2053CF00EF93CF /* Frameworks */,
				0C0983431C2053CF00EF93CF /* CopyFiles */,
			);
			buildRules = (
			);
			dependencies = (
			);
			name = bumper;
			productName = UpdateIconTool;
			productReference = 0C0983451C2053CF00EF93CF /* bumper */;
			productType = "com.apple.product-type.tool";
		};
/* End PBXNativeTarget section */

/* Begin PBXProject section */
		0C09833D1C2053CF00EF93CF /* Project object */ = {
			isa = PBXProject;
			attributes = {
				LastSwiftUpdateCheck = 0720;
				LastUpgradeCheck = 0720;
				ORGANIZATIONNAME = "Aleksandr Latyntsev";
				TargetAttributes = {
					0C0983441C2053CF00EF93CF = {
						CreatedOnToolsVersion = 7.2;
					};
				};
			};
			buildConfigurationList = 0C0983401C2053CF00EF93CF /* Build configuration list for PBXProject "bumper" */;
			compatibilityVersion = "Xcode 3.2";
			developmentRegion = English;
			hasScannedForEncodings = 0;
			knownRegions = (
				en,
			);
			mainGroup = 0C09833C1C2053CF00EF93CF;
			productRefGroup = 0C0983461C2053CF00EF93CF /* Products */;
			projectDirPath = "";
			projectRoot = "";
			targets = (
				0C0983441C2053CF00EF93CF /* bumper */,
			);
		};
/* End PBXProject section */

/* Begin PBXSourcesBuildPhase section */
		0C0983411C2053CF00EF93CF /* Sources */ = {
			isa = PBXSourcesBuildPhase;
			buildActionMask = 2147483647;
			files = (
				0C3637821C3BD529005AA680 /* NSImage+extension.swift in Sources */,
				0C4A5C1C1C4523F200DD7722 /* Bumper.swift in Sources */,
				0C0983491C2053CF00EF93CF /* main.swift in Sources */,
				0C4A5C1E1C45328500DD7722 /* Parametres.swift in Sources */,
			);
			runOnlyForDeploymentPostprocessing = 0;
		};
/* End PBXSourcesBuildPhase section */

/* Begin XCBuildConfiguration section */
		0C09834A1C2053CF00EF93CF /* Debug */ = {
			isa = XCBuildConfiguration;
			baseConfigurationReference = 0C55F3D51C50EDA30088FE2E /* bumper-config.xcconfig */;
			buildSettings = {
				ALWAYS_SEARCH_USER_PATHS = NO;
				CLANG_CXX_LANGUAGE_STANDARD = "gnu++0x";
				CLANG_CXX_LIBRARY = "libc++";
				CLANG_ENABLE_MODULES = YES;
				CLANG_ENABLE_OBJC_ARC = YES;
				CLANG_WARN_BOOL_CONVERSION = YES;
				CLANG_WARN_CONSTANT_CONVERSION = YES;
				CLANG_WARN_DIRECT_OBJC_ISA_USAGE = YES_ERROR;
				CLANG_WARN_EMPTY_BODY = YES;
				CLANG_WARN_ENUM_CONVERSION = YES;
				CLANG_WARN_INT_CONVERSION = YES;
				CLANG_WARN_OBJC_ROOT_CLASS = YES_ERROR;
				CLANG_WARN_UNREACHABLE_CODE = YES;
				CLANG_WARN__DUPLICATE_METHOD_MATCH = YES;
				CODE_SIGN_IDENTITY = "-";
				COPY_PHASE_STRIP = NO;
				DEBUG_INFORMATION_FORMAT = dwarf;
				ENABLE_STRICT_OBJC_MSGSEND = YES;
				ENABLE_TESTABILITY = YES;
				GCC_C_LANGUAGE_STANDARD = gnu99;
				GCC_DYNAMIC_NO_PIC = NO;
				GCC_NO_COMMON_BLOCKS = YES;
				GCC_OPTIMIZATION_LEVEL = 0;
				GCC_PREPROCESSOR_DEFINITIONS = (
					"DEBUG=1",
					"$(inherited)",
				);
				GCC_WARN_64_TO_32_BIT_CONVERSION = YES;
				GCC_WARN_ABOUT_RETURN_TYPE = YES_ERROR;
				GCC_WARN_UNDECLARED_SELECTOR = YES;
				GCC_WARN_UNINITIALIZED_AUTOS = YES_AGGRESSIVE;
				GCC_WARN_UNUSED_FUNCTION = YES;
				GCC_WARN_UNUSED_VARIABLE = YES;
				MACOSX_DEPLOYMENT_TARGET = 10.9;
				MTL_ENABLE_DEBUG_INFO = YES;
				ONLY_ACTIVE_ARCH = YES;
				SDKROOT = macosx;
				SWIFT_OPTIMIZATION_LEVEL = "-Onone";
			};
			name = Debug;
		};
		0C09834B1C2053CF00EF93CF /* Release */ = {
			isa = XCBuildConfiguration;
			baseConfigurationReference = 0C55F3D51C50EDA30088FE2E /* bumper-config.xcconfig */;
			buildSettings = {
				ALWAYS_SEARCH_USER_PATHS = NO;
				CLANG_CXX_LANGUAGE_STANDARD = "gnu++0x";
				CLANG_CXX_LIBRARY = "libc++";
				CLANG_ENABLE_MODULES = YES;
				CLANG_ENABLE_OBJC_ARC = YES;
				CLANG_WARN_BOOL_CONVERSION = YES;
				CLANG_WARN_CONSTANT_CONVERSION = YES;
				CLANG_WARN_DIRECT_OBJC_ISA_USAGE = YES_ERROR;
				CLANG_WARN_EMPTY_BODY = YES;
				CLANG_WARN_ENUM_CONVERSION = YES;
				CLANG_WARN_INT_CONVERSION = YES;
				CLANG_WARN_OBJC_ROOT_CLASS = YES_ERROR;
				CLANG_WARN_UNREACHABLE_CODE = YES;
				CLANG_WARN__DUPLICATE_METHOD_MATCH = YES;
				CODE_SIGN_IDENTITY = "-";
				COPY_PHASE_STRIP = NO;
				DEBUG_INFORMATION_FORMAT = "dwarf-with-dsym";
				ENABLE_NS_ASSERTIONS = NO;
				ENABLE_STRICT_OBJC_MSGSEND = YES;
				GCC_C_LANGUAGE_STANDARD = gnu99;
				GCC_NO_COMMON_BLOCKS = YES;
				GCC_WARN_64_TO_32_BIT_CONVERSION = YES;
				GCC_WARN_ABOUT_RETURN_TYPE = YES_ERROR;
				GCC_WARN_UNDECLARED_SELECTOR = YES;
				GCC_WARN_UNINITIALIZED_AUTOS = YES_AGGRESSIVE;
				GCC_WARN_UNUSED_FUNCTION = YES;
				GCC_WARN_UNUSED_VARIABLE = YES;
				MACOSX_DEPLOYMENT_TARGET = 10.9;
				MTL_ENABLE_DEBUG_INFO = NO;
				SDKROOT = macosx;
			};
			name = Release;
		};
		0C09834D1C2053CF00EF93CF /* Debug */ = {
			isa = XCBuildConfiguration;
			buildSettings = {
				PRODUCT_NAME = "$(TARGET_NAME)";
			};
			name = Debug;
		};
		0C09834E1C2053CF00EF93CF /* Release */ = {
			isa = XCBuildConfiguration;
			buildSettings = {
				PRODUCT_NAME = "$(TARGET_NAME)";
			};
			name = Release;
		};
/* End XCBuildConfiguration section */

/* Begin XCConfigurationList section */
		0C0983401C2053CF00EF93CF /* Build configuration list for PBXProject "bumper" */ = {
			isa = XCConfigurationList;
			buildConfigurations = (
				0C09834A1C2053CF00EF93CF /* Debug */,
				0C09834B1C2053CF00EF93CF /* Release */,
			);
			defaultConfigurationIsVisible = 0;
			defaultConfigurationName = Release;
		};
		0C09834C1C2053CF00EF93CF /* Build configuration list for PBXNativeTarget "bumper" */ = {
			isa = XCConfigurationList;
			buildConfigurations = (
				0C09834D1C2053CF00EF93CF /* Debug */,
				0C09834E1C2053CF00EF93CF /* Release */,
			);
			defaultConfigurationIsVisible = 0;
			defaultConfigurationName = Release;
		};
/* End XCConfigurationList section */
	};
	rootObject = 0C09833D1C2053CF00EF93CF /* Project object */;
}
